
Microsoft Visual Studio Solution File, Format Version 12.00
# Visual Studio Version 17
VisualStudioVersion = 17.9.34728.123
MinimumVisualStudioVersion = 10.0.40219.1
Project("{FAE04EC0-301F-11D3-BF4B-00C04F79EFBC}") = "nueve", "nueve.csproj", "{AFD9E702-C47D-4D7D-8D18-EF5C543FB866}"
EndProject
Global
	GlobalSection(SolutionConfigurationPlatforms) = preSolution
		Debug|Any CPU = Debug|Any CPU
		Release|Any CPU = Release|Any CPU
	EndGlobalSection
	GlobalSection(ProjectConfigurationPlatforms) = postSolution
		{AFD9E702-C47D-4D7D-8D18-EF5C543FB866}.Debug|Any CPU.ActiveCfg = Debug|Any CPU
		{AFD9E702-C47D-4D7D-8D18-EF5C543FB866}.Debug|Any CPU.Build.0 = Debug|Any CPU
		{AFD9E702-C47D-4D7D-8D18-EF5C543FB866}.Release|Any CPU.ActiveCfg = Release|Any CPU
		{AFD9E702-C47D-4D7D-8D18-EF5C543FB866}.Release|Any CPU.Build.0 = Release|Any CPU
	EndGlobalSection
	GlobalSection(SolutionProperties) = preSolution
		HideSolutionNode = FALSE
	EndGlobalSection
	GlobalSection(ExtensibilityGlobals) = postSolution
		SolutionGuid = {7A34870E-D752-4259-95D2-463CD4389583}
	EndGlobalSection
EndGlobal
