
Microsoft Visual Studio Solution File, Format Version 12.00
# Visual Studio Version 17
VisualStudioVersion = 17.9.34728.123
MinimumVisualStudioVersion = 10.0.40219.1
Project("{FAE04EC0-301F-11D3-BF4B-00C04F79EFBC}") = "ocho", "ocho\ocho.csproj", "{6CAA0DD9-F2AB-4FA1-925A-987FE92719FA}"
EndProject
Global
	GlobalSection(SolutionConfigurationPlatforms) = preSolution
		Debug|Any CPU = Debug|Any CPU
		Release|Any CPU = Release|Any CPU
	EndGlobalSection
	GlobalSection(ProjectConfigurationPlatforms) = postSolution
		{6CAA0DD9-F2AB-4FA1-925A-987FE92719FA}.Debug|Any CPU.ActiveCfg = Debug|Any CPU
		{6CAA0DD9-F2AB-4FA1-925A-987FE92719FA}.Debug|Any CPU.Build.0 = Debug|Any CPU
		{6CAA0DD9-F2AB-4FA1-925A-987FE92719FA}.Release|Any CPU.ActiveCfg = Release|Any CPU
		{6CAA0DD9-F2AB-4FA1-925A-987FE92719FA}.Release|Any CPU.Build.0 = Release|Any CPU
	EndGlobalSection
	GlobalSection(SolutionProperties) = preSolution
		HideSolutionNode = FALSE
	EndGlobalSection
	GlobalSection(ExtensibilityGlobals) = postSolution
		SolutionGuid = {C48A1CE7-2601-4D63-B0DF-55F800C9F616}
	EndGlobalSection
EndGlobal
