
Microsoft Visual Studio Solution File, Format Version 12.00
# Visual Studio Version 17
VisualStudioVersion = 17.9.34728.123
MinimumVisualStudioVersion = 10.0.40219.1
Project("{FAE04EC0-301F-11D3-BF4B-00C04F79EFBC}") = "NUEVE", "NUEVE.csproj", "{162DCC8C-A94B-47BF-8D7D-3FBFCDB9BD41}"
EndProject
Global
	GlobalSection(SolutionConfigurationPlatforms) = preSolution
		Debug|Any CPU = Debug|Any CPU
		Release|Any CPU = Release|Any CPU
	EndGlobalSection
	GlobalSection(ProjectConfigurationPlatforms) = postSolution
		{162DCC8C-A94B-47BF-8D7D-3FBFCDB9BD41}.Debug|Any CPU.ActiveCfg = Debug|Any CPU
		{162DCC8C-A94B-47BF-8D7D-3FBFCDB9BD41}.Debug|Any CPU.Build.0 = Debug|Any CPU
		{162DCC8C-A94B-47BF-8D7D-3FBFCDB9BD41}.Release|Any CPU.ActiveCfg = Release|Any CPU
		{162DCC8C-A94B-47BF-8D7D-3FBFCDB9BD41}.Release|Any CPU.Build.0 = Release|Any CPU
	EndGlobalSection
	GlobalSection(SolutionProperties) = preSolution
		HideSolutionNode = FALSE
	EndGlobalSection
	GlobalSection(ExtensibilityGlobals) = postSolution
		SolutionGuid = {2E7399ED-D880-4B84-B044-0F5D7560F6FC}
	EndGlobalSection
EndGlobal
